// !$*UTF8*$!
{
	archiveVersion = 1;
	classes = {
	};
	objectVersion = 55;
	objects = {

/* Begin PBXBuildFile section */
		8A07E5FC28FABCB4009A4E12 /* LandmarkList.swift in Sources */ = {isa = PBXBuildFile; fileRef = 8A07E5FB28FABCB4009A4E12 /* LandmarkList.swift */; };
		8A07E5FE28FAC2DD009A4E12 /* LandmarkDetail.swift in Sources */ = {isa = PBXBuildFile; fileRef = 8A07E5FD28FAC2DD009A4E12 /* LandmarkDetail.swift */; };
		8A1014AD28BFFDED00280127 /* LandmarksSwiftUIAppleTutorialApp.swift in Sources */ = {isa = PBXBuildFile; fileRef = 8A1014AC28BFFDED00280127 /* LandmarksSwiftUIAppleTutorialApp.swift */; };
		8A1014AF28BFFDED00280127 /* ContentView.swift in Sources */ = {isa = PBXBuildFile; fileRef = 8A1014AE28BFFDED00280127 /* ContentView.swift */; };
		8A1014B128BFFDEE00280127 /* Assets.xcassets in Resources */ = {isa = PBXBuildFile; fileRef = 8A1014B028BFFDEE00280127 /* Assets.xcassets */; };
		8A1014B428BFFDEE00280127 /* Preview Assets.xcassets in Resources */ = {isa = PBXBuildFile; fileRef = 8A1014B328BFFDEE00280127 /* Preview Assets.xcassets */; };
		8A1014BF28C131EF00280127 /* CircleImage.swift in Sources */ = {isa = PBXBuildFile; fileRef = 8A1014BE28C131EF00280127 /* CircleImage.swift */; };
		8A47364428C380DA0052BBF3 /* MapView.swift in Sources */ = {isa = PBXBuildFile; fileRef = 8A47364328C380DA0052BBF3 /* MapView.swift */; };
		8ADB1DF628CA55E300962616 /* landmarkData.json in Resources */ = {isa = PBXBuildFile; fileRef = 8ADB1DF528CA55E300962616 /* landmarkData.json */; };
		8ADB1DF828CA561400962616 /* Landmark.swift in Sources */ = {isa = PBXBuildFile; fileRef = 8ADB1DF728CA561400962616 /* Landmark.swift */; };
		8ADB1DFA28CA581E00962616 /* ModelData.swift in Sources */ = {isa = PBXBuildFile; fileRef = 8ADB1DF928CA581E00962616 /* ModelData.swift */; };
		8ADB1DFF28CA605100962616 /* LandmarkRow.swift in Sources */ = {isa = PBXBuildFile; fileRef = 8ADB1DFE28CA605100962616 /* LandmarkRow.swift */; };
/* End PBXBuildFile section */

/* Begin PBXFileReference section */
		8A07E5FB28FABCB4009A4E12 /* LandmarkList.swift */ = {isa = PBXFileReference; lastKnownFileType = sourcecode.swift; path = LandmarkList.swift; sourceTree = "<group>"; };
		8A07E5FD28FAC2DD009A4E12 /* LandmarkDetail.swift */ = {isa = PBXFileReference; lastKnownFileType = sourcecode.swift; path = LandmarkDetail.swift; sourceTree = "<group>"; };
		8A1014A928BFFDED00280127 /* LandmarksSwiftUIAppleTutorial.app */ = {isa = PBXFileReference; explicitFileType = wrapper.application; includeInIndex = 0; path = LandmarksSwiftUIAppleTutorial.app; sourceTree = BUILT_PRODUCTS_DIR; };
		8A1014AC28BFFDED00280127 /* LandmarksSwiftUIAppleTutorialApp.swift */ = {isa = PBXFileReference; lastKnownFileType = sourcecode.swift; path = LandmarksSwiftUIAppleTutorialApp.swift; sourceTree = "<group>"; };
		8A1014AE28BFFDED00280127 /* ContentView.swift */ = {isa = PBXFileReference; lastKnownFileType = sourcecode.swift; path = ContentView.swift; sourceTree = "<group>"; };
		8A1014B028BFFDEE00280127 /* Assets.xcassets */ = {isa = PBXFileReference; lastKnownFileType = folder.assetcatalog; path = Assets.xcassets; sourceTree = "<group>"; };
		8A1014B328BFFDEE00280127 /* Preview Assets.xcassets */ = {isa = PBXFileReference; lastKnownFileType = folder.assetcatalog; path = "Preview Assets.xcassets"; sourceTree = "<group>"; };
		8A1014BE28C131EF00280127 /* CircleImage.swift */ = {isa = PBXFileReference; lastKnownFileType = sourcecode.swift; path = CircleImage.swift; sourceTree = "<group>"; };
		8A47364328C380DA0052BBF3 /* MapView.swift */ = {isa = PBXFileReference; lastKnownFileType = sourcecode.swift; path = MapView.swift; sourceTree = "<group>"; };
		8ADB1DF528CA55E300962616 /* landmarkData.json */ = {isa = PBXFileReference; fileEncoding = 4; lastKnownFileType = text.json; path = landmarkData.json; sourceTree = "<group>"; };
		8ADB1DF728CA561400962616 /* Landmark.swift */ = {isa = PBXFileReference; lastKnownFileType = sourcecode.swift; path = Landmark.swift; sourceTree = "<group>"; };
		8ADB1DF928CA581E00962616 /* ModelData.swift */ = {isa = PBXFileReference; lastKnownFileType = sourcecode.swift; path = ModelData.swift; sourceTree = "<group>"; };
		8ADB1DFE28CA605100962616 /* LandmarkRow.swift */ = {isa = PBXFileReference; lastKnownFileType = sourcecode.swift; path = LandmarkRow.swift; sourceTree = "<group>"; };
/* End PBXFileReference section */

/* Begin PBXFrameworksBuildPhase section */
		8A1014A628BFFDED00280127 /* Frameworks */ = {
			isa = PBXFrameworksBuildPhase;
			buildActionMask = 2147483647;
			files = (
			);
			runOnlyForDeploymentPostprocessing = 0;
		};
/* End PBXFrameworksBuildPhase section */

/* Begin PBXGroup section */
		8A1014A028BFFDED00280127 = {
			isa = PBXGroup;
			children = (
				8A1014AB28BFFDED00280127 /* LandmarksSwiftUIAppleTutorial */,
				8A1014AA28BFFDED00280127 /* Products */,
			);
			sourceTree = "<group>";
		};
		8A1014AA28BFFDED00280127 /* Products */ = {
			isa = PBXGroup;
			children = (
				8A1014A928BFFDED00280127 /* LandmarksSwiftUIAppleTutorial.app */,
			);
			name = Products;
			sourceTree = "<group>";
		};
		8A1014AB28BFFDED00280127 /* LandmarksSwiftUIAppleTutorial */ = {
			isa = PBXGroup;
			children = (
				8A1014AC28BFFDED00280127 /* LandmarksSwiftUIAppleTutorialApp.swift */,
				8ADB1DFB28CA5EC100962616 /* Views */,
				8ADB1DFC28CA5ED300962616 /* Model */,
				8ADB1DFD28CA5EE500962616 /* Resourses */,
				8A1014B228BFFDEE00280127 /* Preview Content */,
			);
			path = LandmarksSwiftUIAppleTutorial;
			sourceTree = "<group>";
		};
		8A1014B228BFFDEE00280127 /* Preview Content */ = {
			isa = PBXGroup;
			children = (
				8A1014B328BFFDEE00280127 /* Preview Assets.xcassets */,
			);
			path = "Preview Content";
			sourceTree = "<group>";
		};
		8ADB1DFB28CA5EC100962616 /* Views */ = {
			isa = PBXGroup;
			children = (
				8A1014AE28BFFDED00280127 /* ContentView.swift */,
				8A47364328C380DA0052BBF3 /* MapView.swift */,
				8A1014BE28C131EF00280127 /* CircleImage.swift */,
				8ADB1DFE28CA605100962616 /* LandmarkRow.swift */,
				8A07E5FB28FABCB4009A4E12 /* LandmarkList.swift */,
				8A07E5FD28FAC2DD009A4E12 /* LandmarkDetail.swift */,
			);
			path = Views;
			sourceTree = "<group>";
		};
		8ADB1DFC28CA5ED300962616 /* Model */ = {
			isa = PBXGroup;
			children = (
				8ADB1DF728CA561400962616 /* Landmark.swift */,
				8ADB1DF928CA581E00962616 /* ModelData.swift */,
			);
			path = Model;
			sourceTree = "<group>";
		};
		8ADB1DFD28CA5EE500962616 /* Resourses */ = {
			isa = PBXGroup;
			children = (
				8A1014B028BFFDEE00280127 /* Assets.xcassets */,
				8ADB1DF528CA55E300962616 /* landmarkData.json */,
			);
			path = Resourses;
			sourceTree = "<group>";
		};
/* End PBXGroup section */

/* Begin PBXNativeTarget section */
		8A1014A828BFFDED00280127 /* LandmarksSwiftUIAppleTutorial */ = {
			isa = PBXNativeTarget;
			buildConfigurationList = 8A1014B728BFFDEE00280127 /* Build configuration list for PBXNativeTarget "LandmarksSwiftUIAppleTutorial" */;
			buildPhases = (
				8A1014A528BFFDED00280127 /* Sources */,
				8A1014A628BFFDED00280127 /* Frameworks */,
				8A1014A728BFFDED00280127 /* Resources */,
			);
			buildRules = (
			);
			dependencies = (
			);
			name = LandmarksSwiftUIAppleTutorial;
			productName = LandmarksSwiftUIAppleTutorial;
			productReference = 8A1014A928BFFDED00280127 /* LandmarksSwiftUIAppleTutorial.app */;
			productType = "com.apple.product-type.application";
		};
/* End PBXNativeTarget section */

/* Begin PBXProject section */
		8A1014A128BFFDED00280127 /* Project object */ = {
			isa = PBXProject;
			attributes = {
				BuildIndependentTargetsInParallel = 1;
				LastSwiftUpdateCheck = 1340;
				LastUpgradeCheck = 1340;
				TargetAttributes = {
					8A1014A828BFFDED00280127 = {
						CreatedOnToolsVersion = 13.4.1;
					};
				};
			};
			buildConfigurationList = 8A1014A428BFFDED00280127 /* Build configuration list for PBXProject "LandmarksSwiftUIAppleTutorial" */;
			compatibilityVersion = "Xcode 13.0";
			developmentRegion = en;
			hasScannedForEncodings = 0;
			knownRegions = (
				en,
				Base,
			);
			mainGroup = 8A1014A028BFFDED00280127;
			productRefGroup = 8A1014AA28BFFDED00280127 /* Products */;
			projectDirPath = "";
			projectRoot = "";
			targets = (
				8A1014A828BFFDED00280127 /* LandmarksSwiftUIAppleTutorial */,
			);
		};
/* End PBXProject section */

/* Begin PBXResourcesBuildPhase section */
		8A1014A728BFFDED00280127 /* Resources */ = {
			isa = PBXResourcesBuildPhase;
			buildActionMask = 2147483647;
			files = (
				8A1014B428BFFDEE00280127 /* Preview Assets.xcassets in Resources */,
				8A1014B128BFFDEE00280127 /* Assets.xcassets in Resources */,
				8ADB1DF628CA55E300962616 /* landmarkData.json in Resources */,
			);
			runOnlyForDeploymentPostprocessing = 0;
		};
/* End PBXResourcesBuildPhase section */

/* Begin PBXSourcesBuildPhase section */
		8A1014A528BFFDED00280127 /* Sources */ = {
			isa = PBXSourcesBuildPhase;
			buildActionMask = 2147483647;
			files = (
				8A1014AF28BFFDED00280127 /* ContentView.swift in Sources */,
				8A47364428C380DA0052BBF3 /* MapView.swift in Sources */,
				8A1014AD28BFFDED00280127 /* LandmarksSwiftUIAppleTutorialApp.swift in Sources */,
				8A07E5FC28FABCB4009A4E12 /* LandmarkList.swift in Sources */,
				8A07E5FE28FAC2DD009A4E12 /* LandmarkDetail.swift in Sources */,
				8A1014BF28C131EF00280127 /* CircleImage.swift in Sources */,
				8ADB1DF828CA561400962616 /* Landmark.swift in Sources */,
				8ADB1DFF28CA605100962616 /* LandmarkRow.swift in Sources */,
				8ADB1DFA28CA581E00962616 /* ModelData.swift in Sources */,
			);
			runOnlyForDeploymentPostprocessing = 0;
		};
/* End PBXSourcesBuildPhase section */

/* Begin XCBuildConfiguration section */
		8A1014B528BFFDEE00280127 /* Debug */ = {
			isa = XCBuildConfiguration;
			buildSettings = {
				ALWAYS_SEARCH_USER_PATHS = NO;
				CLANG_ANALYZER_NONNULL = YES;
				CLANG_ANALYZER_NUMBER_OBJECT_CONVERSION = YES_AGGRESSIVE;
				CLANG_CXX_LANGUAGE_STANDARD = "gnu++17";
				CLANG_ENABLE_MODULES = YES;
				CLANG_ENABLE_OBJC_ARC = YES;
				CLANG_ENABLE_OBJC_WEAK = YES;
				CLANG_WARN_BLOCK_CAPTURE_AUTORELEASING = YES;
				CLANG_WARN_BOOL_CONVERSION = YES;
				CLANG_WARN_COMMA = YES;
				CLANG_WARN_CONSTANT_CONVERSION = YES;
				CLANG_WARN_DEPRECATED_OBJC_IMPLEMENTATIONS = YES;
				CLANG_WARN_DIRECT_OBJC_ISA_USAGE = YES_ERROR;
				CLANG_WARN_DOCUMENTATION_COMMENTS = YES;
				CLANG_WARN_EMPTY_BODY = YES;
				CLANG_WARN_ENUM_CONVERSION = YES;
				CLANG_WARN_INFINITE_RECURSION = YES;
				CLANG_WARN_INT_CONVERSION = YES;
				CLANG_WARN_NON_LITERAL_NULL_CONVERSION = YES;
				CLANG_WARN_OBJC_IMPLICIT_RETAIN_SELF = YES;
				CLANG_WARN_OBJC_LITERAL_CONVERSION = YES;
				CLANG_WARN_OBJC_ROOT_CLASS = YES_ERROR;
				CLANG_WARN_QUOTED_INCLUDE_IN_FRAMEWORK_HEADER = YES;
				CLANG_WARN_RANGE_LOOP_ANALYSIS = YES;
				CLANG_WARN_STRICT_PROTOTYPES = YES;
				CLANG_WARN_SUSPICIOUS_MOVE = YES;
				CLANG_WARN_UNGUARDED_AVAILABILITY = YES_AGGRESSIVE;
				CLANG_WARN_UNREACHABLE_CODE = YES;
				CLANG_WARN__DUPLICATE_METHOD_MATCH = YES;
				COPY_PHASE_STRIP = NO;
				DEBUG_INFORMATION_FORMAT = dwarf;
				ENABLE_STRICT_OBJC_MSGSEND = YES;
				ENABLE_TESTABILITY = YES;
				GCC_C_LANGUAGE_STANDARD = gnu11;
				GCC_DYNAMIC_NO_PIC = NO;
				GCC_NO_COMMON_BLOCKS = YES;
				GCC_OPTIMIZATION_LEVEL = 0;
				GCC_PREPROCESSOR_DEFINITIONS = (
					"DEBUG=1",
					"$(inherited)",
				);
				GCC_WARN_64_TO_32_BIT_CONVERSION = YES;
				GCC_WARN_ABOUT_RETURN_TYPE = YES_ERROR;
				GCC_WARN_UNDECLARED_SELECTOR = YES;
				GCC_WARN_UNINITIALIZED_AUTOS = YES_AGGRESSIVE;
				GCC_WARN_UNUSED_FUNCTION = YES;
				GCC_WARN_UNUSED_VARIABLE = YES;
				IPHONEOS_DEPLOYMENT_TARGET = 15.5;
				MTL_ENABLE_DEBUG_INFO = INCLUDE_SOURCE;
				MTL_FAST_MATH = YES;
				ONLY_ACTIVE_ARCH = YES;
				SDKROOT = iphoneos;
				SWIFT_ACTIVE_COMPILATION_CONDITIONS = DEBUG;
				SWIFT_OPTIMIZATION_LEVEL = "-Onone";
			};
			name = Debug;
		};
		8A1014B628BFFDEE00280127 /* Release */ = {
			isa = XCBuildConfiguration;
			buildSettings = {
				ALWAYS_SEARCH_USER_PATHS = NO;
				CLANG_ANALYZER_NONNULL = YES;
				CLANG_ANALYZER_NUMBER_OBJECT_CONVERSION = YES_AGGRESSIVE;
				CLANG_CXX_LANGUAGE_STANDARD = "gnu++17";
				CLANG_ENABLE_MODULES = YES;
				CLANG_ENABLE_OBJC_ARC = YES;
				CLANG_ENABLE_OBJC_WEAK = YES;
				CLANG_WARN_BLOCK_CAPTURE_AUTORELEASING = YES;
				CLANG_WARN_BOOL_CONVERSION = YES;
				CLANG_WARN_COMMA = YES;
				CLANG_WARN_CONSTANT_CONVERSION = YES;
				CLANG_WARN_DEPRECATED_OBJC_IMPLEMENTATIONS = YES;
				CLANG_WARN_DIRECT_OBJC_ISA_USAGE = YES_ERROR;
				CLANG_WARN_DOCUMENTATION_COMMENTS = YES;
				CLANG_WARN_EMPTY_BODY = YES;
				CLANG_WARN_ENUM_CONVERSION = YES;
				CLANG_WARN_INFINITE_RECURSION = YES;
				CLANG_WARN_INT_CONVERSION = YES;
				CLANG_WARN_NON_LITERAL_NULL_CONVERSION = YES;
				CLANG_WARN_OBJC_IMPLICIT_RETAIN_SELF = YES;
				CLANG_WARN_OBJC_LITERAL_CONVERSION = YES;
				CLANG_WARN_OBJC_ROOT_CLASS = YES_ERROR;
				CLANG_WARN_QUOTED_INCLUDE_IN_FRAMEWORK_HEADER = YES;
				CLANG_WARN_RANGE_LOOP_ANALYSIS = YES;
				CLANG_WARN_STRICT_PROTOTYPES = YES;
				CLANG_WARN_SUSPICIOUS_MOVE = YES;
				CLANG_WARN_UNGUARDED_AVAILABILITY = YES_AGGRESSIVE;
				CLANG_WARN_UNREACHABLE_CODE = YES;
				CLANG_WARN__DUPLICATE_METHOD_MATCH = YES;
				COPY_PHASE_STRIP = NO;
				DEBUG_INFORMATION_FORMAT = "dwarf-with-dsym";
				ENABLE_NS_ASSERTIONS = NO;
				ENABLE_STRICT_OBJC_MSGSEND = YES;
				GCC_C_LANGUAGE_STANDARD = gnu11;
				GCC_NO_COMMON_BLOCKS = YES;
				GCC_WARN_64_TO_32_BIT_CONVERSION = YES;
				GCC_WARN_ABOUT_RETURN_TYPE = YES_ERROR;
				GCC_WARN_UNDECLARED_SELECTOR = YES;
				GCC_WARN_UNINITIALIZED_AUTOS = YES_AGGRESSIVE;
				GCC_WARN_UNUSED_FUNCTION = YES;
				GCC_WARN_UNUSED_VARIABLE = YES;
				IPHONEOS_DEPLOYMENT_TARGET = 15.5;
				MTL_ENABLE_DEBUG_INFO = NO;
				MTL_FAST_MATH = YES;
				SDKROOT = iphoneos;
				SWIFT_COMPILATION_MODE = wholemodule;
				SWIFT_OPTIMIZATION_LEVEL = "-O";
				VALIDATE_PRODUCT = YES;
			};
			name = Release;
		};
		8A1014B828BFFDEE00280127 /* Debug */ = {
			isa = XCBuildConfiguration;
			buildSettings = {
				ASSETCATALOG_COMPILER_APPICON_NAME = AppIcon;
				ASSETCATALOG_COMPILER_GLOBAL_ACCENT_COLOR_NAME = AccentColor;
				CODE_SIGN_STYLE = Automatic;
				CURRENT_PROJECT_VERSION = 1;
				DEVELOPMENT_ASSET_PATHS = "\"LandmarksSwiftUIAppleTutorial/Preview Content\"";
				DEVELOPMENT_TEAM = JZ3AHZ382V;
				ENABLE_PREVIEWS = YES;
				GENERATE_INFOPLIST_FILE = YES;
				INFOPLIST_KEY_UIApplicationSceneManifest_Generation = YES;
				INFOPLIST_KEY_UIApplicationSupportsIndirectInputEvents = YES;
				INFOPLIST_KEY_UILaunchScreen_Generation = YES;
				INFOPLIST_KEY_UISupportedInterfaceOrientations_iPad = "UIInterfaceOrientationPortrait UIInterfaceOrientationPortraitUpsideDown UIInterfaceOrientationLandscapeLeft UIInterfaceOrientationLandscapeRight";
				INFOPLIST_KEY_UISupportedInterfaceOrientations_iPhone = "UIInterfaceOrientationPortrait UIInterfaceOrientationLandscapeLeft UIInterfaceOrientationLandscapeRight";
				LD_RUNPATH_SEARCH_PATHS = (
					"$(inherited)",
					"@executable_path/Frameworks",
				);
				MARKETING_VERSION = 1.0;
				PRODUCT_BUNDLE_IDENTIFIER = com.dorodniy.LandmarksSwiftUIAppleTutorial;
				PRODUCT_NAME = "$(TARGET_NAME)";
				SWIFT_EMIT_LOC_STRINGS = YES;
				SWIFT_VERSION = 5.0;
				TARGETED_DEVICE_FAMILY = "1,2";
			};
			name = Debug;
		};
		8A1014B928BFFDEE00280127 /* Release */ = {
			isa = XCBuildConfiguration;
			buildSettings = {
				ASSETCATALOG_COMPILER_APPICON_NAME = AppIcon;
				ASSETCATALOG_COMPILER_GLOBAL_ACCENT_COLOR_NAME = AccentColor;
				CODE_SIGN_STYLE = Automatic;
				CURRENT_PROJECT_VERSION = 1;
				DEVELOPMENT_ASSET_PATHS = "\"LandmarksSwiftUIAppleTutorial/Preview Content\"";
				DEVELOPMENT_TEAM = JZ3AHZ382V;
				ENABLE_PREVIEWS = YES;
				GENERATE_INFOPLIST_FILE = YES;
				INFOPLIST_KEY_UIApplicationSceneManifest_Generation = YES;
				INFOPLIST_KEY_UIApplicationSupportsIndirectInputEvents = YES;
				INFOPLIST_KEY_UILaunchScreen_Generation = YES;
				INFOPLIST_KEY_UISupportedInterfaceOrientations_iPad = "UIInterfaceOrientationPortrait UIInterfaceOrientationPortraitUpsideDown UIInterfaceOrientationLandscapeLeft UIInterfaceOrientationLandscapeRight";
				INFOPLIST_KEY_UISupportedInterfaceOrientations_iPhone = "UIInterfaceOrientationPortrait UIInterfaceOrientationLandscapeLeft UIInterfaceOrientationLandscapeRight";
				LD_RUNPATH_SEARCH_PATHS = (
					"$(inherited)",
					"@executable_path/Frameworks",
				);
				MARKETING_VERSION = 1.0;
				PRODUCT_BUNDLE_IDENTIFIER = com.dorodniy.LandmarksSwiftUIAppleTutorial;
				PRODUCT_NAME = "$(TARGET_NAME)";
				SWIFT_EMIT_LOC_STRINGS = YES;
				SWIFT_VERSION = 5.0;
				TARGETED_DEVICE_FAMILY = "1,2";
			};
			name = Release;
		};
/* End XCBuildConfiguration section */

/* Begin XCConfigurationList section */
		8A1014A428BFFDED00280127 /* Build configuration list for PBXProject "LandmarksSwiftUIAppleTutorial" */ = {
			isa = XCConfigurationList;
			buildConfigurations = (
				8A1014B528BFFDEE00280127 /* Debug */,
				8A1014B628BFFDEE00280127 /* Release */,
			);
			defaultConfigurationIsVisible = 0;
			defaultConfigurationName = Release;
		};
		8A1014B728BFFDEE00280127 /* Build configuration list for PBXNativeTarget "LandmarksSwiftUIAppleTutorial" */ = {
			isa = XCConfigurationList;
			buildConfigurations = (
				8A1014B828BFFDEE00280127 /* Debug */,
				8A1014B928BFFDEE00280127 /* Release */,
			);
			defaultConfigurationIsVisible = 0;
			defaultConfigurationName = Release;
		};
/* End XCConfigurationList section */
	};
	rootObject = 8A1014A128BFFDED00280127 /* Project object */;
}
